{
  "originHash" : "716fcd674e68a4f29cb5535812831d77897541804b68dd72eb4bc871723ce0c3",
  "pins" : [
    {
      "identity" : "capacitor-swift-pm",
      "kind" : "remoteSourceControl",
      "location" : "https://github.com/ionic-team/capacitor-swift-pm.git",
      "state" : {
        "revision" : "3e7ccfb8ab4d321ffcbd4e490234758e139f8a09",
        "version" : "8.0.1"
      }
    },
    {
      "identity" : "ion-ios-filesystem",
      "kind" : "remoteSourceControl",
      "location" : "https://github.com/ionic-team/ion-ios-filesystem.git",
      "state" : {
        "revision" : "a1a664318a7dae56d3f4756172365b5312f0292a",
        "version" : "1.1.0"
      }
    }
  ],
  "version" : 3
}
